
Microsoft Visual Studio Solution File, Format Version 12.00
# Visual Studio 15
VisualStudioVersion = 15.0.28307.779
MinimumVisualStudioVersion = 10.0.40219.1
Project("{FAE04EC0-301F-11D3-BF4B-00C04F79EFBC}") = "nodockerweb", "nodockerweb\nodockerweb.csproj", "{5985ABFD-CA88-4F72-9FE0-3A0532AE73D9}"
EndProject
Global
	GlobalSection(SolutionConfigurationPlatforms) = preSolution
		Debug|Any CPU = Debug|Any CPU
		Release|Any CPU = Release|Any CPU
	EndGlobalSection
	GlobalSection(ProjectConfigurationPlatforms) = postSolution
		{5985ABFD-CA88-4F72-9FE0-3A0532AE73D9}.Debug|Any CPU.ActiveCfg = Debug|Any CPU
		{5985ABFD-CA88-4F72-9FE0-3A0532AE73D9}.Debug|Any CPU.Build.0 = Debug|Any CPU
		{5985ABFD-CA88-4F72-9FE0-3A0532AE73D9}.Release|Any CPU.ActiveCfg = Release|Any CPU
		{5985ABFD-CA88-4F72-9FE0-3A0532AE73D9}.Release|Any CPU.Build.0 = Release|Any CPU
	EndGlobalSection
	GlobalSection(SolutionProperties) = preSolution
		HideSolutionNode = FALSE
	EndGlobalSection
	GlobalSection(ExtensibilityGlobals) = postSolution
		SolutionGuid = {84510635-0CEB-461D-BA7C-A82E97F1181B}
	EndGlobalSection
EndGlobal
